
Microsoft Visual Studio Solution File, Format Version 12.00
# Visual Studio Version 17
VisualStudioVersion = 17.1.32210.238
MinimumVisualStudioVersion = 10.0.40219.1
Project("{FAE04EC0-301F-11D3-BF4B-00C04F79EFBC}") = "BookAppointment.API", "BookAppointment.API.csproj", "{8F33730F-4B3C-40A7-B04A-3917FA619A67}"
EndProject
Global
	GlobalSection(SolutionConfigurationPlatforms) = preSolution
		Debug|Any CPU = Debug|Any CPU
		Release|Any CPU = Release|Any CPU
	EndGlobalSection
	GlobalSection(ProjectConfigurationPlatforms) = postSolution
		{8F33730F-4B3C-40A7-B04A-3917FA619A67}.Debug|Any CPU.ActiveCfg = Debug|Any CPU
		{8F33730F-4B3C-40A7-B04A-3917FA619A67}.Debug|Any CPU.Build.0 = Debug|Any CPU
		{8F33730F-4B3C-40A7-B04A-3917FA619A67}.Release|Any CPU.ActiveCfg = Release|Any CPU
		{8F33730F-4B3C-40A7-B04A-3917FA619A67}.Release|Any CPU.Build.0 = Release|Any CPU
	EndGlobalSection
	GlobalSection(SolutionProperties) = preSolution
		HideSolutionNode = FALSE
	EndGlobalSection
	GlobalSection(ExtensibilityGlobals) = postSolution
		SolutionGuid = {7DBE4D2E-5B5B-49CA-A9EB-6508D7C3F767}
	EndGlobalSection
EndGlobal
